<?xml version="1.0" encoding="utf-8"?>
<Project ToolsVersion="4.0" xmlns="http://schemas.microsoft.com/developer/msbuild/2003">
  <ItemGroup>
    <Filter Include="Source Files">
      <UniqueIdentifier>{4FC737F1-C7A5-4376-A066-2A32D752A2FF}</UniqueIdentifier>
      <Extensions>cpp;c;cc;cxx;def;odl;idl;hpj;bat;asm;asmx</Extensions>
    </Filter>
    <Filter Include="Header Files">
      <UniqueIdentifier>{93995380-89BD-4b04-88EB-625FBE52EBFB}</UniqueIdentifier>
      <Extensions>h;hh;hpp;hxx;hm;inl;inc;xsd</Extensions>
    </Filter>
    <Filter Include="Resource Files">
      <UniqueIdentifier>{67DA6AB6-F800-4c08-8B7A-83BB121AAD01}</UniqueIdentifier>
      <Extensions>rc;ico;cur;bmp;dlg;rc2;rct;bin;rgs;gif;jpg;jpeg;jpe;resx;tiff;tif;png;wav;mfcribbon-ms</Extensions>
    </Filter>
  </ItemGroup>
  <ItemGroup>
    <ClCompile Include="main.cpp">
      <Filter>Source Files</Filter>
    </ClCompile>
    <ClCompile Include="src\CPU.cpp">
      <Filter>Source Files</Filter>
    </ClCompile>
    <ClCompile Include="src\Cartridge.cpp">
      <Filter>Source Files</Filter>
    </ClCompile>
    <ClCompile Include="src\MMU.cpp">
      <Filter>Source Files</Filter>
    </ClCompile>
    <ClCompile Include="src\MemoryBankController1.cpp">
      <Filter>Source Files</Filter>
    </ClCompile>
    <ClCompile Include="src\AMemoryBankController.cpp">
      <Filter>Source Files</Filter>
    </ClCompile>
    <ClCompile Include="src\video\VideoSystem.cpp">
      <Filter>Source Files</Filter>
    </ClCompile>
    <ClCompile Include="src\video\TileTable.cpp">
      <Filter>Source Files</Filter>
    </ClCompile>
    <ClCompile Include="src\video\TilePatternTable.cpp">
      <Filter>Source Files</Filter>
    </ClCompile>
    <ClCompile Include="src\video\Sprite.cpp">
      <Filter>Source Files</Filter>
    </ClCompile>
    <ClCompile Include="src\video\Driver.cpp">
      <Filter>Source Files</Filter>
    </ClCompile>
    <ClCompile Include="src\debug\Debugger.cpp">
      <Filter>Source Files</Filter>
    </ClCompile>
    <ClCompile Include="src\debug\DebuggerHost.cpp">
      <Filter>Source Files</Filter>
    </ClCompile>
    <ClCompile Include="src\debug\MemoryDumper.cpp">
      <Filter>Source Files</Filter>
    </ClCompile>
    <ClCompile Include="src\debug\Instruction.cpp">
      <Filter>Source Files</Filter>
    </ClCompile>
  </ItemGroup>
  <ItemGroup>
    <ClInclude Include="inc\CPU.hpp">
      <Filter>Header Files</Filter>
    </ClInclude>
    <ClInclude Include="inc\Cartridge.hpp">
      <Filter>Header Files</Filter>
    </ClInclude>
    <ClInclude Include="inc\MMU.hpp">
      <Filter>Header Files</Filter>
    </ClInclude>
    <ClInclude Include="inc\MemoryBankController1.hpp">
      <Filter>Header Files</Filter>
    </ClInclude>
    <ClInclude Include="inc\AMemoryBankController.hpp">
      <Filter>Header Files</Filter>
    </ClInclude>
    <ClInclude Include="inc\Video\VideoSystem.hpp">
      <Filter>Header Files</Filter>
    </ClInclude>
    <ClInclude Include="inc\Video\TilePatternTable.hpp">
      <Filter>Header Files</Filter>
    </ClInclude>
    <ClInclude Include="inc\video\TileTable.hpp">
      <Filter>Header Files</Filter>
    </ClInclude>
    <ClInclude Include="inc\video\Driver.hpp">
      <Filter>Header Files</Filter>
    </ClInclude>
    <ClInclude Include="inc\IORegistersRepository.hpp">
      <Filter>Header Files</Filter>
    </ClInclude>
    <ClInclude Include="inc\video\Sprite.hpp">
      <Filter>Header Files</Filter>
    </ClInclude>
    <ClInclude Include="inc\Disassembler.hpp">
      <Filter>Header Files</Filter>
    </ClInclude>
    <ClInclude Include="inc\debug\Debugger.hpp">
      <Filter>Header Files</Filter>
    </ClInclude>
    <ClInclude Include="inc\debug\DebuggerHost.hpp">
      <Filter>Header Files</Filter>
    </ClInclude>
    <ClInclude Include="inc\debug\MemoryDumper.hpp">
      <Filter>Header Files</Filter>
    </ClInclude>
    <ClInclude Include="inc\debug\Instruction.hpp">
      <Filter>Header Files</Filter>
    </ClInclude>
  </ItemGroup>
</Project>